
Microsoft Visual Studio Solution File, Format Version 12.00
# Visual Studio Version 17
VisualStudioVersion = 17.13.35825.156 d17.13
MinimumVisualStudioVersion = 10.0.40219.1
Project("{FAE04EC0-301F-11D3-BF4B-00C04F79EFBC}") = "Astronomical Data Stream Processing", "Astronomical Data Stream Processing\Astronomical Data Stream Processing.csproj", "{0A6A2EEE-5CA5-433A-B33E-401F6139264F}"
EndProject
Global
	GlobalSection(SolutionConfigurationPlatforms) = preSolution
		Debug|Any CPU = Debug|Any CPU
		Release|Any CPU = Release|Any CPU
	EndGlobalSection
	GlobalSection(ProjectConfigurationPlatforms) = postSolution
		{0A6A2EEE-5CA5-433A-B33E-401F6139264F}.Debug|Any CPU.ActiveCfg = Debug|Any CPU
		{0A6A2EEE-5CA5-433A-B33E-401F6139264F}.Debug|Any CPU.Build.0 = Debug|Any CPU
		{0A6A2EEE-5CA5-433A-B33E-401F6139264F}.Release|Any CPU.ActiveCfg = Release|Any CPU
		{0A6A2EEE-5CA5-433A-B33E-401F6139264F}.Release|Any CPU.Build.0 = Release|Any CPU
	EndGlobalSection
	GlobalSection(SolutionProperties) = preSolution
		HideSolutionNode = FALSE
	EndGlobalSection
	GlobalSection(ExtensibilityGlobals) = postSolution
		SolutionGuid = {28461054-F9B5-429A-B5C4-1C005481744B}
	EndGlobalSection
EndGlobal
